
Microsoft Visual Studio Solution File, Format Version 12.00
# Visual Studio 14
VisualStudioVersion = 14.0.25420.1
MinimumVisualStudioVersion = 10.0.40219.1
Project("{FAE04EC0-301F-11D3-BF4B-00C04F79EFBC}") = "ConsumerConsoleApp", "ConsumerConsoleApp\ConsumerConsoleApp.csproj", "{BD0B7147-A4D4-46D8-AE35-1EA65B6F34F4}"
EndProject
Project("{FAE04EC0-301F-11D3-BF4B-00C04F79EFBC}") = "Commons", "..\Commons\Commons\Commons.csproj", "{482131E7-7567-4540-BC11-7125957E7FF5}"
EndProject
Project("{FAE04EC0-301F-11D3-BF4B-00C04F79EFBC}") = "ApplicationLibrary", "ApplicationLibrary\ApplicationLibrary.csproj", "{EB368842-53B0-4F00-B7A0-39D921FF9393}"
EndProject
Project("{FAE04EC0-301F-11D3-BF4B-00C04F79EFBC}") = "ConsumerWinFormsApp", "ConsumerWinFormsApp\ConsumerWinFormsApp.csproj", "{4B49F57A-59D3-43C2-AB71-3F5C2F0E4112}"
EndProject
Global
	GlobalSection(SolutionConfigurationPlatforms) = preSolution
		Debug|Any CPU = Debug|Any CPU
		Release|Any CPU = Release|Any CPU
	EndGlobalSection
	GlobalSection(ProjectConfigurationPlatforms) = postSolution
		{BD0B7147-A4D4-46D8-AE35-1EA65B6F34F4}.Debug|Any CPU.ActiveCfg = Debug|Any CPU
		{BD0B7147-A4D4-46D8-AE35-1EA65B6F34F4}.Debug|Any CPU.Build.0 = Debug|Any CPU
		{BD0B7147-A4D4-46D8-AE35-1EA65B6F34F4}.Release|Any CPU.ActiveCfg = Release|Any CPU
		{BD0B7147-A4D4-46D8-AE35-1EA65B6F34F4}.Release|Any CPU.Build.0 = Release|Any CPU
		{482131E7-7567-4540-BC11-7125957E7FF5}.Debug|Any CPU.ActiveCfg = Debug|Any CPU
		{482131E7-7567-4540-BC11-7125957E7FF5}.Debug|Any CPU.Build.0 = Debug|Any CPU
		{482131E7-7567-4540-BC11-7125957E7FF5}.Release|Any CPU.ActiveCfg = Release|Any CPU
		{482131E7-7567-4540-BC11-7125957E7FF5}.Release|Any CPU.Build.0 = Release|Any CPU
		{EB368842-53B0-4F00-B7A0-39D921FF9393}.Debug|Any CPU.ActiveCfg = Debug|Any CPU
		{EB368842-53B0-4F00-B7A0-39D921FF9393}.Debug|Any CPU.Build.0 = Debug|Any CPU
		{EB368842-53B0-4F00-B7A0-39D921FF9393}.Release|Any CPU.ActiveCfg = Release|Any CPU
		{EB368842-53B0-4F00-B7A0-39D921FF9393}.Release|Any CPU.Build.0 = Release|Any CPU
		{4B49F57A-59D3-43C2-AB71-3F5C2F0E4112}.Debug|Any CPU.ActiveCfg = Debug|Any CPU
		{4B49F57A-59D3-43C2-AB71-3F5C2F0E4112}.Debug|Any CPU.Build.0 = Debug|Any CPU
		{4B49F57A-59D3-43C2-AB71-3F5C2F0E4112}.Release|Any CPU.ActiveCfg = Release|Any CPU
		{4B49F57A-59D3-43C2-AB71-3F5C2F0E4112}.Release|Any CPU.Build.0 = Release|Any CPU
	EndGlobalSection
	GlobalSection(SolutionProperties) = preSolution
		HideSolutionNode = FALSE
	EndGlobalSection
EndGlobal
