
Microsoft Visual Studio Solution File, Format Version 12.00
# Visual Studio 14
VisualStudioVersion = 14.0.25420.1
MinimumVisualStudioVersion = 10.0.40219.1
Project("{FAE04EC0-301F-11D3-BF4B-00C04F79EFBC}") = "Model", "Model\Model.csproj", "{1FFB3CF0-056D-47E0-8335-F46DC10742E5}"
EndProject
Project("{FAE04EC0-301F-11D3-BF4B-00C04F79EFBC}") = "RepositoryLibrary", "RepositoryLibrary\RepositoryLibrary.csproj", "{D3A9070F-7560-40EF-BFFA-0A3AFB774D2A}"
EndProject
Project("{FAE04EC0-301F-11D3-BF4B-00C04F79EFBC}") = "RequestModel", "RequestModel\RequestModel.csproj", "{45855334-9412-42A4-9547-6513BAE7EF19}"
EndProject
Project("{FAE04EC0-301F-11D3-BF4B-00C04F79EFBC}") = "ViewModel", "ViewModel\ViewModel.csproj", "{1D96EABD-3D0C-499E-9531-EF2BD46F1600}"
EndProject
Project("{FAE04EC0-301F-11D3-BF4B-00C04F79EFBC}") = "ServiceLibrary", "ServiceLibrary\ServiceLibrary.csproj", "{78F59332-694B-40AA-BEA5-B028B659C8D9}"
EndProject
Global
	GlobalSection(SolutionConfigurationPlatforms) = preSolution
		Debug|Any CPU = Debug|Any CPU
		Release|Any CPU = Release|Any CPU
	EndGlobalSection
	GlobalSection(ProjectConfigurationPlatforms) = postSolution
		{1FFB3CF0-056D-47E0-8335-F46DC10742E5}.Debug|Any CPU.ActiveCfg = Debug|Any CPU
		{1FFB3CF0-056D-47E0-8335-F46DC10742E5}.Debug|Any CPU.Build.0 = Debug|Any CPU
		{1FFB3CF0-056D-47E0-8335-F46DC10742E5}.Release|Any CPU.ActiveCfg = Release|Any CPU
		{1FFB3CF0-056D-47E0-8335-F46DC10742E5}.Release|Any CPU.Build.0 = Release|Any CPU
		{D3A9070F-7560-40EF-BFFA-0A3AFB774D2A}.Debug|Any CPU.ActiveCfg = Debug|Any CPU
		{D3A9070F-7560-40EF-BFFA-0A3AFB774D2A}.Debug|Any CPU.Build.0 = Debug|Any CPU
		{D3A9070F-7560-40EF-BFFA-0A3AFB774D2A}.Release|Any CPU.ActiveCfg = Release|Any CPU
		{D3A9070F-7560-40EF-BFFA-0A3AFB774D2A}.Release|Any CPU.Build.0 = Release|Any CPU
		{45855334-9412-42A4-9547-6513BAE7EF19}.Debug|Any CPU.ActiveCfg = Debug|Any CPU
		{45855334-9412-42A4-9547-6513BAE7EF19}.Debug|Any CPU.Build.0 = Debug|Any CPU
		{45855334-9412-42A4-9547-6513BAE7EF19}.Release|Any CPU.ActiveCfg = Release|Any CPU
		{45855334-9412-42A4-9547-6513BAE7EF19}.Release|Any CPU.Build.0 = Release|Any CPU
		{1D96EABD-3D0C-499E-9531-EF2BD46F1600}.Debug|Any CPU.ActiveCfg = Debug|Any CPU
		{1D96EABD-3D0C-499E-9531-EF2BD46F1600}.Debug|Any CPU.Build.0 = Debug|Any CPU
		{1D96EABD-3D0C-499E-9531-EF2BD46F1600}.Release|Any CPU.ActiveCfg = Release|Any CPU
		{1D96EABD-3D0C-499E-9531-EF2BD46F1600}.Release|Any CPU.Build.0 = Release|Any CPU
		{78F59332-694B-40AA-BEA5-B028B659C8D9}.Debug|Any CPU.ActiveCfg = Debug|Any CPU
		{78F59332-694B-40AA-BEA5-B028B659C8D9}.Debug|Any CPU.Build.0 = Debug|Any CPU
		{78F59332-694B-40AA-BEA5-B028B659C8D9}.Release|Any CPU.ActiveCfg = Release|Any CPU
		{78F59332-694B-40AA-BEA5-B028B659C8D9}.Release|Any CPU.Build.0 = Release|Any CPU
	EndGlobalSection
	GlobalSection(SolutionProperties) = preSolution
		HideSolutionNode = FALSE
	EndGlobalSection
EndGlobal
